
Microsoft Visual Studio Solution File, Format Version 12.00
# Visual Studio Version 16
VisualStudioVersion = 16.0.30104.148
MinimumVisualStudioVersion = 10.0.40219.1
Project("{FAE04EC0-301F-11D3-BF4B-00C04F79EFBC}") = "Notes.Android", "Notes\Notes.Android\Notes.Android.csproj", "{64238ABE-05D0-4151-BE3E-1467F13EF403}"
EndProject
Project("{FAE04EC0-301F-11D3-BF4B-00C04F79EFBC}") = "Notes.iOS", "Notes\Notes.iOS\Notes.iOS.csproj", "{857EC26F-221B-45B7-92D7-0BBBD79CC01C}"
EndProject
Project("{FAE04EC0-301F-11D3-BF4B-00C04F79EFBC}") = "Notes", "Notes\Notes\Notes.csproj", "{BF2770C1-74EC-47DC-9AD5-3B050DE8E80E}"
EndProject
Global
	GlobalSection(SolutionConfigurationPlatforms) = preSolution
		Debug|Any CPU = Debug|Any CPU
		Debug|iPhone = Debug|iPhone
		Debug|iPhoneSimulator = Debug|iPhoneSimulator
		Release|Any CPU = Release|Any CPU
		Release|iPhone = Release|iPhone
		Release|iPhoneSimulator = Release|iPhoneSimulator
	EndGlobalSection
	GlobalSection(ProjectConfigurationPlatforms) = postSolution
		{64238ABE-05D0-4151-BE3E-1467F13EF403}.Debug|Any CPU.ActiveCfg = Debug|Any CPU
		{64238ABE-05D0-4151-BE3E-1467F13EF403}.Debug|Any CPU.Build.0 = Debug|Any CPU
		{64238ABE-05D0-4151-BE3E-1467F13EF403}.Debug|Any CPU.Deploy.0 = Debug|Any CPU
		{64238ABE-05D0-4151-BE3E-1467F13EF403}.Debug|iPhone.ActiveCfg = Debug|Any CPU
		{64238ABE-05D0-4151-BE3E-1467F13EF403}.Debug|iPhone.Build.0 = Debug|Any CPU
		{64238ABE-05D0-4151-BE3E-1467F13EF403}.Debug|iPhone.Deploy.0 = Debug|Any CPU
		{64238ABE-05D0-4151-BE3E-1467F13EF403}.Debug|iPhoneSimulator.ActiveCfg = Debug|Any CPU
		{64238ABE-05D0-4151-BE3E-1467F13EF403}.Debug|iPhoneSimulator.Build.0 = Debug|Any CPU
		{64238ABE-05D0-4151-BE3E-1467F13EF403}.Debug|iPhoneSimulator.Deploy.0 = Debug|Any CPU
		{64238ABE-05D0-4151-BE3E-1467F13EF403}.Release|Any CPU.ActiveCfg = Release|Any CPU
		{64238ABE-05D0-4151-BE3E-1467F13EF403}.Release|Any CPU.Build.0 = Release|Any CPU
		{64238ABE-05D0-4151-BE3E-1467F13EF403}.Release|Any CPU.Deploy.0 = Release|Any CPU
		{64238ABE-05D0-4151-BE3E-1467F13EF403}.Release|iPhone.ActiveCfg = Release|Any CPU
		{64238ABE-05D0-4151-BE3E-1467F13EF403}.Release|iPhone.Build.0 = Release|Any CPU
		{64238ABE-05D0-4151-BE3E-1467F13EF403}.Release|iPhone.Deploy.0 = Release|Any CPU
		{64238ABE-05D0-4151-BE3E-1467F13EF403}.Release|iPhoneSimulator.ActiveCfg = Release|Any CPU
		{64238ABE-05D0-4151-BE3E-1467F13EF403}.Release|iPhoneSimulator.Build.0 = Release|Any CPU
		{64238ABE-05D0-4151-BE3E-1467F13EF403}.Release|iPhoneSimulator.Deploy.0 = Release|Any CPU
		{857EC26F-221B-45B7-92D7-0BBBD79CC01C}.Debug|Any CPU.ActiveCfg = Debug|iPhone
		{857EC26F-221B-45B7-92D7-0BBBD79CC01C}.Debug|Any CPU.Build.0 = Debug|iPhone
		{857EC26F-221B-45B7-92D7-0BBBD79CC01C}.Debug|Any CPU.Deploy.0 = Debug|iPhone
		{857EC26F-221B-45B7-92D7-0BBBD79CC01C}.Debug|iPhone.ActiveCfg = Debug|iPhone
		{857EC26F-221B-45B7-92D7-0BBBD79CC01C}.Debug|iPhone.Build.0 = Debug|iPhone
		{857EC26F-221B-45B7-92D7-0BBBD79CC01C}.Debug|iPhone.Deploy.0 = Debug|iPhone
		{857EC26F-221B-45B7-92D7-0BBBD79CC01C}.Debug|iPhoneSimulator.ActiveCfg = Debug|iPhoneSimulator
		{857EC26F-221B-45B7-92D7-0BBBD79CC01C}.Debug|iPhoneSimulator.Build.0 = Debug|iPhoneSimulator
		{857EC26F-221B-45B7-92D7-0BBBD79CC01C}.Debug|iPhoneSimulator.Deploy.0 = Debug|iPhoneSimulator
		{857EC26F-221B-45B7-92D7-0BBBD79CC01C}.Release|Any CPU.ActiveCfg = Release|iPhone
		{857EC26F-221B-45B7-92D7-0BBBD79CC01C}.Release|Any CPU.Build.0 = Release|iPhone
		{857EC26F-221B-45B7-92D7-0BBBD79CC01C}.Release|Any CPU.Deploy.0 = Release|iPhone
		{857EC26F-221B-45B7-92D7-0BBBD79CC01C}.Release|iPhone.ActiveCfg = Release|iPhone
		{857EC26F-221B-45B7-92D7-0BBBD79CC01C}.Release|iPhone.Build.0 = Release|iPhone
		{857EC26F-221B-45B7-92D7-0BBBD79CC01C}.Release|iPhone.Deploy.0 = Release|iPhone
		{857EC26F-221B-45B7-92D7-0BBBD79CC01C}.Release|iPhoneSimulator.ActiveCfg = Release|iPhoneSimulator
		{857EC26F-221B-45B7-92D7-0BBBD79CC01C}.Release|iPhoneSimulator.Build.0 = Release|iPhoneSimulator
		{857EC26F-221B-45B7-92D7-0BBBD79CC01C}.Release|iPhoneSimulator.Deploy.0 = Release|iPhoneSimulator
		{BF2770C1-74EC-47DC-9AD5-3B050DE8E80E}.Debug|Any CPU.ActiveCfg = Debug|Any CPU
		{BF2770C1-74EC-47DC-9AD5-3B050DE8E80E}.Debug|Any CPU.Build.0 = Debug|Any CPU
		{BF2770C1-74EC-47DC-9AD5-3B050DE8E80E}.Debug|Any CPU.Deploy.0 = Debug|Any CPU
		{BF2770C1-74EC-47DC-9AD5-3B050DE8E80E}.Debug|iPhone.ActiveCfg = Debug|Any CPU
		{BF2770C1-74EC-47DC-9AD5-3B050DE8E80E}.Debug|iPhone.Build.0 = Debug|Any CPU
		{BF2770C1-74EC-47DC-9AD5-3B050DE8E80E}.Debug|iPhone.Deploy.0 = Debug|Any CPU
		{BF2770C1-74EC-47DC-9AD5-3B050DE8E80E}.Debug|iPhoneSimulator.ActiveCfg = Debug|Any CPU
		{BF2770C1-74EC-47DC-9AD5-3B050DE8E80E}.Debug|iPhoneSimulator.Build.0 = Debug|Any CPU
		{BF2770C1-74EC-47DC-9AD5-3B050DE8E80E}.Debug|iPhoneSimulator.Deploy.0 = Debug|Any CPU
		{BF2770C1-74EC-47DC-9AD5-3B050DE8E80E}.Release|Any CPU.ActiveCfg = Release|Any CPU
		{BF2770C1-74EC-47DC-9AD5-3B050DE8E80E}.Release|Any CPU.Build.0 = Release|Any CPU
		{BF2770C1-74EC-47DC-9AD5-3B050DE8E80E}.Release|Any CPU.Deploy.0 = Release|Any CPU
		{BF2770C1-74EC-47DC-9AD5-3B050DE8E80E}.Release|iPhone.ActiveCfg = Release|Any CPU
		{BF2770C1-74EC-47DC-9AD5-3B050DE8E80E}.Release|iPhone.Build.0 = Release|Any CPU
		{BF2770C1-74EC-47DC-9AD5-3B050DE8E80E}.Release|iPhone.Deploy.0 = Release|Any CPU
		{BF2770C1-74EC-47DC-9AD5-3B050DE8E80E}.Release|iPhoneSimulator.ActiveCfg = Release|Any CPU
		{BF2770C1-74EC-47DC-9AD5-3B050DE8E80E}.Release|iPhoneSimulator.Build.0 = Release|Any CPU
		{BF2770C1-74EC-47DC-9AD5-3B050DE8E80E}.Release|iPhoneSimulator.Deploy.0 = Release|Any CPU
	EndGlobalSection
	GlobalSection(SolutionProperties) = preSolution
		HideSolutionNode = FALSE
	EndGlobalSection
	GlobalSection(ExtensibilityGlobals) = postSolution
		SolutionGuid = {7658BEA8-DE41-4E8A-A894-76E4A3234A02}
	EndGlobalSection
EndGlobal
